
Microsoft Visual Studio Solution File, Format Version 12.00
# Visual Studio 15
VisualStudioVersion = 15.0.28307.779
MinimumVisualStudioVersion = 10.0.40219.1
Project("{FAE04EC0-301F-11D3-BF4B-00C04F79EFBC}") = "BehaviorsUX.Android", "BehaviorsUX\BehaviorsUX.Android\BehaviorsUX.Android.csproj", "{8C502143-AB24-4EE3-A50C-5D931B0932E7}"
EndProject
Project("{FAE04EC0-301F-11D3-BF4B-00C04F79EFBC}") = "BehaviorsUX.UWP", "BehaviorsUX\BehaviorsUX.UWP\BehaviorsUX.UWP.csproj", "{196A83FA-88D3-418B-9D62-1D81883CF97E}"
EndProject
Project("{9A19103F-16F7-4668-BE54-9A1E7A4F7556}") = "BehaviorsUX", "BehaviorsUX\BehaviorsUX\BehaviorsUX.csproj", "{BAF18E57-2B15-426E-A422-357804038219}"
EndProject
Project("{FAE04EC0-301F-11D3-BF4B-00C04F79EFBC}") = "ConsoleAppREGEX", "ConsoleAppREGEX\ConsoleAppREGEX.csproj", "{5B6A447B-6D4C-4D03-978B-63882F78C607}"
EndProject
Project("{FAE04EC0-301F-11D3-BF4B-00C04F79EFBC}") = "WindowsFormsAppREGEX", "WindowsFormsAppREGEX\WindowsFormsAppREGEX.csproj", "{8F752408-9EFB-4A04-A9E1-7044EC3107C5}"
EndProject
Global
	GlobalSection(SolutionConfigurationPlatforms) = preSolution
		Debug|Any CPU = Debug|Any CPU
		Debug|ARM = Debug|ARM
		Debug|x64 = Debug|x64
		Debug|x86 = Debug|x86
		Release|Any CPU = Release|Any CPU
		Release|ARM = Release|ARM
		Release|x64 = Release|x64
		Release|x86 = Release|x86
	EndGlobalSection
	GlobalSection(ProjectConfigurationPlatforms) = postSolution
		{8C502143-AB24-4EE3-A50C-5D931B0932E7}.Debug|Any CPU.ActiveCfg = Debug|Any CPU
		{8C502143-AB24-4EE3-A50C-5D931B0932E7}.Debug|Any CPU.Build.0 = Debug|Any CPU
		{8C502143-AB24-4EE3-A50C-5D931B0932E7}.Debug|Any CPU.Deploy.0 = Debug|Any CPU
		{8C502143-AB24-4EE3-A50C-5D931B0932E7}.Debug|ARM.ActiveCfg = Debug|Any CPU
		{8C502143-AB24-4EE3-A50C-5D931B0932E7}.Debug|ARM.Build.0 = Debug|Any CPU
		{8C502143-AB24-4EE3-A50C-5D931B0932E7}.Debug|ARM.Deploy.0 = Debug|Any CPU
		{8C502143-AB24-4EE3-A50C-5D931B0932E7}.Debug|x64.ActiveCfg = Debug|Any CPU
		{8C502143-AB24-4EE3-A50C-5D931B0932E7}.Debug|x64.Build.0 = Debug|Any CPU
		{8C502143-AB24-4EE3-A50C-5D931B0932E7}.Debug|x64.Deploy.0 = Debug|Any CPU
		{8C502143-AB24-4EE3-A50C-5D931B0932E7}.Debug|x86.ActiveCfg = Debug|Any CPU
		{8C502143-AB24-4EE3-A50C-5D931B0932E7}.Debug|x86.Build.0 = Debug|Any CPU
		{8C502143-AB24-4EE3-A50C-5D931B0932E7}.Debug|x86.Deploy.0 = Debug|Any CPU
		{8C502143-AB24-4EE3-A50C-5D931B0932E7}.Release|Any CPU.ActiveCfg = Release|Any CPU
		{8C502143-AB24-4EE3-A50C-5D931B0932E7}.Release|Any CPU.Build.0 = Release|Any CPU
		{8C502143-AB24-4EE3-A50C-5D931B0932E7}.Release|Any CPU.Deploy.0 = Release|Any CPU
		{8C502143-AB24-4EE3-A50C-5D931B0932E7}.Release|ARM.ActiveCfg = Release|Any CPU
		{8C502143-AB24-4EE3-A50C-5D931B0932E7}.Release|ARM.Build.0 = Release|Any CPU
		{8C502143-AB24-4EE3-A50C-5D931B0932E7}.Release|ARM.Deploy.0 = Release|Any CPU
		{8C502143-AB24-4EE3-A50C-5D931B0932E7}.Release|x64.ActiveCfg = Release|Any CPU
		{8C502143-AB24-4EE3-A50C-5D931B0932E7}.Release|x64.Build.0 = Release|Any CPU
		{8C502143-AB24-4EE3-A50C-5D931B0932E7}.Release|x64.Deploy.0 = Release|Any CPU
		{8C502143-AB24-4EE3-A50C-5D931B0932E7}.Release|x86.ActiveCfg = Release|Any CPU
		{8C502143-AB24-4EE3-A50C-5D931B0932E7}.Release|x86.Build.0 = Release|Any CPU
		{8C502143-AB24-4EE3-A50C-5D931B0932E7}.Release|x86.Deploy.0 = Release|Any CPU
		{196A83FA-88D3-418B-9D62-1D81883CF97E}.Debug|Any CPU.ActiveCfg = Debug|x86
		{196A83FA-88D3-418B-9D62-1D81883CF97E}.Debug|Any CPU.Build.0 = Debug|x86
		{196A83FA-88D3-418B-9D62-1D81883CF97E}.Debug|Any CPU.Deploy.0 = Debug|x86
		{196A83FA-88D3-418B-9D62-1D81883CF97E}.Debug|ARM.ActiveCfg = Debug|ARM
		{196A83FA-88D3-418B-9D62-1D81883CF97E}.Debug|ARM.Build.0 = Debug|ARM
		{196A83FA-88D3-418B-9D62-1D81883CF97E}.Debug|ARM.Deploy.0 = Debug|ARM
		{196A83FA-88D3-418B-9D62-1D81883CF97E}.Debug|x64.ActiveCfg = Debug|x64
		{196A83FA-88D3-418B-9D62-1D81883CF97E}.Debug|x64.Build.0 = Debug|x64
		{196A83FA-88D3-418B-9D62-1D81883CF97E}.Debug|x64.Deploy.0 = Debug|x64
		{196A83FA-88D3-418B-9D62-1D81883CF97E}.Debug|x86.ActiveCfg = Debug|x86
		{196A83FA-88D3-418B-9D62-1D81883CF97E}.Debug|x86.Build.0 = Debug|x86
		{196A83FA-88D3-418B-9D62-1D81883CF97E}.Debug|x86.Deploy.0 = Debug|x86
		{196A83FA-88D3-418B-9D62-1D81883CF97E}.Release|Any CPU.ActiveCfg = Release|x86
		{196A83FA-88D3-418B-9D62-1D81883CF97E}.Release|Any CPU.Build.0 = Release|x86
		{196A83FA-88D3-418B-9D62-1D81883CF97E}.Release|Any CPU.Deploy.0 = Release|x86
		{196A83FA-88D3-418B-9D62-1D81883CF97E}.Release|ARM.ActiveCfg = Release|ARM
		{196A83FA-88D3-418B-9D62-1D81883CF97E}.Release|ARM.Build.0 = Release|ARM
		{196A83FA-88D3-418B-9D62-1D81883CF97E}.Release|ARM.Deploy.0 = Release|ARM
		{196A83FA-88D3-418B-9D62-1D81883CF97E}.Release|x64.ActiveCfg = Release|x64
		{196A83FA-88D3-418B-9D62-1D81883CF97E}.Release|x64.Build.0 = Release|x64
		{196A83FA-88D3-418B-9D62-1D81883CF97E}.Release|x64.Deploy.0 = Release|x64
		{196A83FA-88D3-418B-9D62-1D81883CF97E}.Release|x86.ActiveCfg = Release|x86
		{196A83FA-88D3-418B-9D62-1D81883CF97E}.Release|x86.Build.0 = Release|x86
		{196A83FA-88D3-418B-9D62-1D81883CF97E}.Release|x86.Deploy.0 = Release|x86
		{BAF18E57-2B15-426E-A422-357804038219}.Debug|Any CPU.ActiveCfg = Debug|Any CPU
		{BAF18E57-2B15-426E-A422-357804038219}.Debug|Any CPU.Build.0 = Debug|Any CPU
		{BAF18E57-2B15-426E-A422-357804038219}.Debug|Any CPU.Deploy.0 = Debug|Any CPU
		{BAF18E57-2B15-426E-A422-357804038219}.Debug|ARM.ActiveCfg = Debug|Any CPU
		{BAF18E57-2B15-426E-A422-357804038219}.Debug|ARM.Build.0 = Debug|Any CPU
		{BAF18E57-2B15-426E-A422-357804038219}.Debug|ARM.Deploy.0 = Debug|Any CPU
		{BAF18E57-2B15-426E-A422-357804038219}.Debug|x64.ActiveCfg = Debug|Any CPU
		{BAF18E57-2B15-426E-A422-357804038219}.Debug|x64.Build.0 = Debug|Any CPU
		{BAF18E57-2B15-426E-A422-357804038219}.Debug|x64.Deploy.0 = Debug|Any CPU
		{BAF18E57-2B15-426E-A422-357804038219}.Debug|x86.ActiveCfg = Debug|Any CPU
		{BAF18E57-2B15-426E-A422-357804038219}.Debug|x86.Build.0 = Debug|Any CPU
		{BAF18E57-2B15-426E-A422-357804038219}.Debug|x86.Deploy.0 = Debug|Any CPU
		{BAF18E57-2B15-426E-A422-357804038219}.Release|Any CPU.ActiveCfg = Release|Any CPU
		{BAF18E57-2B15-426E-A422-357804038219}.Release|Any CPU.Build.0 = Release|Any CPU
		{BAF18E57-2B15-426E-A422-357804038219}.Release|Any CPU.Deploy.0 = Release|Any CPU
		{BAF18E57-2B15-426E-A422-357804038219}.Release|ARM.ActiveCfg = Release|Any CPU
		{BAF18E57-2B15-426E-A422-357804038219}.Release|ARM.Build.0 = Release|Any CPU
		{BAF18E57-2B15-426E-A422-357804038219}.Release|ARM.Deploy.0 = Release|Any CPU
		{BAF18E57-2B15-426E-A422-357804038219}.Release|x64.ActiveCfg = Release|Any CPU
		{BAF18E57-2B15-426E-A422-357804038219}.Release|x64.Build.0 = Release|Any CPU
		{BAF18E57-2B15-426E-A422-357804038219}.Release|x64.Deploy.0 = Release|Any CPU
		{BAF18E57-2B15-426E-A422-357804038219}.Release|x86.ActiveCfg = Release|Any CPU
		{BAF18E57-2B15-426E-A422-357804038219}.Release|x86.Build.0 = Release|Any CPU
		{BAF18E57-2B15-426E-A422-357804038219}.Release|x86.Deploy.0 = Release|Any CPU
		{5B6A447B-6D4C-4D03-978B-63882F78C607}.Debug|Any CPU.ActiveCfg = Debug|Any CPU
		{5B6A447B-6D4C-4D03-978B-63882F78C607}.Debug|Any CPU.Build.0 = Debug|Any CPU
		{5B6A447B-6D4C-4D03-978B-63882F78C607}.Debug|ARM.ActiveCfg = Debug|Any CPU
		{5B6A447B-6D4C-4D03-978B-63882F78C607}.Debug|ARM.Build.0 = Debug|Any CPU
		{5B6A447B-6D4C-4D03-978B-63882F78C607}.Debug|x64.ActiveCfg = Debug|Any CPU
		{5B6A447B-6D4C-4D03-978B-63882F78C607}.Debug|x64.Build.0 = Debug|Any CPU
		{5B6A447B-6D4C-4D03-978B-63882F78C607}.Debug|x86.ActiveCfg = Debug|Any CPU
		{5B6A447B-6D4C-4D03-978B-63882F78C607}.Debug|x86.Build.0 = Debug|Any CPU
		{5B6A447B-6D4C-4D03-978B-63882F78C607}.Release|Any CPU.ActiveCfg = Release|Any CPU
		{5B6A447B-6D4C-4D03-978B-63882F78C607}.Release|Any CPU.Build.0 = Release|Any CPU
		{5B6A447B-6D4C-4D03-978B-63882F78C607}.Release|ARM.ActiveCfg = Release|Any CPU
		{5B6A447B-6D4C-4D03-978B-63882F78C607}.Release|ARM.Build.0 = Release|Any CPU
		{5B6A447B-6D4C-4D03-978B-63882F78C607}.Release|x64.ActiveCfg = Release|Any CPU
		{5B6A447B-6D4C-4D03-978B-63882F78C607}.Release|x64.Build.0 = Release|Any CPU
		{5B6A447B-6D4C-4D03-978B-63882F78C607}.Release|x86.ActiveCfg = Release|Any CPU
		{5B6A447B-6D4C-4D03-978B-63882F78C607}.Release|x86.Build.0 = Release|Any CPU
		{8F752408-9EFB-4A04-A9E1-7044EC3107C5}.Debug|Any CPU.ActiveCfg = Debug|Any CPU
		{8F752408-9EFB-4A04-A9E1-7044EC3107C5}.Debug|Any CPU.Build.0 = Debug|Any CPU
		{8F752408-9EFB-4A04-A9E1-7044EC3107C5}.Debug|ARM.ActiveCfg = Debug|Any CPU
		{8F752408-9EFB-4A04-A9E1-7044EC3107C5}.Debug|ARM.Build.0 = Debug|Any CPU
		{8F752408-9EFB-4A04-A9E1-7044EC3107C5}.Debug|x64.ActiveCfg = Debug|Any CPU
		{8F752408-9EFB-4A04-A9E1-7044EC3107C5}.Debug|x64.Build.0 = Debug|Any CPU
		{8F752408-9EFB-4A04-A9E1-7044EC3107C5}.Debug|x86.ActiveCfg = Debug|Any CPU
		{8F752408-9EFB-4A04-A9E1-7044EC3107C5}.Debug|x86.Build.0 = Debug|Any CPU
		{8F752408-9EFB-4A04-A9E1-7044EC3107C5}.Release|Any CPU.ActiveCfg = Release|Any CPU
		{8F752408-9EFB-4A04-A9E1-7044EC3107C5}.Release|Any CPU.Build.0 = Release|Any CPU
		{8F752408-9EFB-4A04-A9E1-7044EC3107C5}.Release|ARM.ActiveCfg = Release|Any CPU
		{8F752408-9EFB-4A04-A9E1-7044EC3107C5}.Release|ARM.Build.0 = Release|Any CPU
		{8F752408-9EFB-4A04-A9E1-7044EC3107C5}.Release|x64.ActiveCfg = Release|Any CPU
		{8F752408-9EFB-4A04-A9E1-7044EC3107C5}.Release|x64.Build.0 = Release|Any CPU
		{8F752408-9EFB-4A04-A9E1-7044EC3107C5}.Release|x86.ActiveCfg = Release|Any CPU
		{8F752408-9EFB-4A04-A9E1-7044EC3107C5}.Release|x86.Build.0 = Release|Any CPU
	EndGlobalSection
	GlobalSection(SolutionProperties) = preSolution
		HideSolutionNode = FALSE
	EndGlobalSection
	GlobalSection(ExtensibilityGlobals) = postSolution
		SolutionGuid = {B545B440-8060-4AFA-875D-BEC7D6D24BB1}
	EndGlobalSection
EndGlobal
