
Microsoft Visual Studio Solution File, Format Version 12.00
# Visual Studio 15
VisualStudioVersion = 15.0.28307.779
MinimumVisualStudioVersion = 10.0.40219.1
Project("{FAE04EC0-301F-11D3-BF4B-00C04F79EFBC}") = "CalculadoraUX.Android", "CalculadoraUX\CalculadoraUX.Android\CalculadoraUX.Android.csproj", "{8CA8BCC2-42E8-4446-9F35-F8D5A76993E5}"
EndProject
Project("{FAE04EC0-301F-11D3-BF4B-00C04F79EFBC}") = "CalculadoraUX.iOS", "CalculadoraUX\CalculadoraUX.iOS\CalculadoraUX.iOS.csproj", "{841B1C85-5289-454F-81A4-AEAAC2B34D22}"
EndProject
Project("{FAE04EC0-301F-11D3-BF4B-00C04F79EFBC}") = "CalculadoraUX.UWP", "CalculadoraUX\CalculadoraUX.UWP\CalculadoraUX.UWP.csproj", "{0C601800-8C82-4C45-B630-055D9EC45215}"
EndProject
Project("{FAE04EC0-301F-11D3-BF4B-00C04F79EFBC}") = "CalculadoraUX", "CalculadoraUX\CalculadoraUX\CalculadoraUX.csproj", "{21A9B395-775D-4694-808D-61B7325245FA}"
EndProject
Global
	GlobalSection(SolutionConfigurationPlatforms) = preSolution
		Ad-Hoc|Any CPU = Ad-Hoc|Any CPU
		Ad-Hoc|ARM = Ad-Hoc|ARM
		Ad-Hoc|iPhone = Ad-Hoc|iPhone
		Ad-Hoc|iPhoneSimulator = Ad-Hoc|iPhoneSimulator
		Ad-Hoc|x64 = Ad-Hoc|x64
		Ad-Hoc|x86 = Ad-Hoc|x86
		AppStore|Any CPU = AppStore|Any CPU
		AppStore|ARM = AppStore|ARM
		AppStore|iPhone = AppStore|iPhone
		AppStore|iPhoneSimulator = AppStore|iPhoneSimulator
		AppStore|x64 = AppStore|x64
		AppStore|x86 = AppStore|x86
		Debug|Any CPU = Debug|Any CPU
		Debug|ARM = Debug|ARM
		Debug|iPhone = Debug|iPhone
		Debug|iPhoneSimulator = Debug|iPhoneSimulator
		Debug|x64 = Debug|x64
		Debug|x86 = Debug|x86
		Release|Any CPU = Release|Any CPU
		Release|ARM = Release|ARM
		Release|iPhone = Release|iPhone
		Release|iPhoneSimulator = Release|iPhoneSimulator
		Release|x64 = Release|x64
		Release|x86 = Release|x86
	EndGlobalSection
	GlobalSection(ProjectConfigurationPlatforms) = postSolution
		{8CA8BCC2-42E8-4446-9F35-F8D5A76993E5}.Ad-Hoc|Any CPU.ActiveCfg = Release|Any CPU
		{8CA8BCC2-42E8-4446-9F35-F8D5A76993E5}.Ad-Hoc|Any CPU.Build.0 = Release|Any CPU
		{8CA8BCC2-42E8-4446-9F35-F8D5A76993E5}.Ad-Hoc|Any CPU.Deploy.0 = Release|Any CPU
		{8CA8BCC2-42E8-4446-9F35-F8D5A76993E5}.Ad-Hoc|ARM.ActiveCfg = Release|Any CPU
		{8CA8BCC2-42E8-4446-9F35-F8D5A76993E5}.Ad-Hoc|ARM.Build.0 = Release|Any CPU
		{8CA8BCC2-42E8-4446-9F35-F8D5A76993E5}.Ad-Hoc|ARM.Deploy.0 = Release|Any CPU
		{8CA8BCC2-42E8-4446-9F35-F8D5A76993E5}.Ad-Hoc|iPhone.ActiveCfg = Release|Any CPU
		{8CA8BCC2-42E8-4446-9F35-F8D5A76993E5}.Ad-Hoc|iPhone.Build.0 = Release|Any CPU
		{8CA8BCC2-42E8-4446-9F35-F8D5A76993E5}.Ad-Hoc|iPhone.Deploy.0 = Release|Any CPU
		{8CA8BCC2-42E8-4446-9F35-F8D5A76993E5}.Ad-Hoc|iPhoneSimulator.ActiveCfg = Release|Any CPU
		{8CA8BCC2-42E8-4446-9F35-F8D5A76993E5}.Ad-Hoc|iPhoneSimulator.Build.0 = Release|Any CPU
		{8CA8BCC2-42E8-4446-9F35-F8D5A76993E5}.Ad-Hoc|iPhoneSimulator.Deploy.0 = Release|Any CPU
		{8CA8BCC2-42E8-4446-9F35-F8D5A76993E5}.Ad-Hoc|x64.ActiveCfg = Release|Any CPU
		{8CA8BCC2-42E8-4446-9F35-F8D5A76993E5}.Ad-Hoc|x64.Build.0 = Release|Any CPU
		{8CA8BCC2-42E8-4446-9F35-F8D5A76993E5}.Ad-Hoc|x64.Deploy.0 = Release|Any CPU
		{8CA8BCC2-42E8-4446-9F35-F8D5A76993E5}.Ad-Hoc|x86.ActiveCfg = Release|Any CPU
		{8CA8BCC2-42E8-4446-9F35-F8D5A76993E5}.Ad-Hoc|x86.Build.0 = Release|Any CPU
		{8CA8BCC2-42E8-4446-9F35-F8D5A76993E5}.Ad-Hoc|x86.Deploy.0 = Release|Any CPU
		{8CA8BCC2-42E8-4446-9F35-F8D5A76993E5}.AppStore|Any CPU.ActiveCfg = Release|Any CPU
		{8CA8BCC2-42E8-4446-9F35-F8D5A76993E5}.AppStore|Any CPU.Build.0 = Release|Any CPU
		{8CA8BCC2-42E8-4446-9F35-F8D5A76993E5}.AppStore|Any CPU.Deploy.0 = Release|Any CPU
		{8CA8BCC2-42E8-4446-9F35-F8D5A76993E5}.AppStore|ARM.ActiveCfg = Release|Any CPU
		{8CA8BCC2-42E8-4446-9F35-F8D5A76993E5}.AppStore|ARM.Build.0 = Release|Any CPU
		{8CA8BCC2-42E8-4446-9F35-F8D5A76993E5}.AppStore|ARM.Deploy.0 = Release|Any CPU
		{8CA8BCC2-42E8-4446-9F35-F8D5A76993E5}.AppStore|iPhone.ActiveCfg = Release|Any CPU
		{8CA8BCC2-42E8-4446-9F35-F8D5A76993E5}.AppStore|iPhone.Build.0 = Release|Any CPU
		{8CA8BCC2-42E8-4446-9F35-F8D5A76993E5}.AppStore|iPhone.Deploy.0 = Release|Any CPU
		{8CA8BCC2-42E8-4446-9F35-F8D5A76993E5}.AppStore|iPhoneSimulator.ActiveCfg = Release|Any CPU
		{8CA8BCC2-42E8-4446-9F35-F8D5A76993E5}.AppStore|iPhoneSimulator.Build.0 = Release|Any CPU
		{8CA8BCC2-42E8-4446-9F35-F8D5A76993E5}.AppStore|iPhoneSimulator.Deploy.0 = Release|Any CPU
		{8CA8BCC2-42E8-4446-9F35-F8D5A76993E5}.AppStore|x64.ActiveCfg = Release|Any CPU
		{8CA8BCC2-42E8-4446-9F35-F8D5A76993E5}.AppStore|x64.Build.0 = Release|Any CPU
		{8CA8BCC2-42E8-4446-9F35-F8D5A76993E5}.AppStore|x64.Deploy.0 = Release|Any CPU
		{8CA8BCC2-42E8-4446-9F35-F8D5A76993E5}.AppStore|x86.ActiveCfg = Release|Any CPU
		{8CA8BCC2-42E8-4446-9F35-F8D5A76993E5}.AppStore|x86.Build.0 = Release|Any CPU
		{8CA8BCC2-42E8-4446-9F35-F8D5A76993E5}.AppStore|x86.Deploy.0 = Release|Any CPU
		{8CA8BCC2-42E8-4446-9F35-F8D5A76993E5}.Debug|Any CPU.ActiveCfg = Debug|Any CPU
		{8CA8BCC2-42E8-4446-9F35-F8D5A76993E5}.Debug|Any CPU.Build.0 = Debug|Any CPU
		{8CA8BCC2-42E8-4446-9F35-F8D5A76993E5}.Debug|Any CPU.Deploy.0 = Debug|Any CPU
		{8CA8BCC2-42E8-4446-9F35-F8D5A76993E5}.Debug|ARM.ActiveCfg = Debug|Any CPU
		{8CA8BCC2-42E8-4446-9F35-F8D5A76993E5}.Debug|ARM.Build.0 = Debug|Any CPU
		{8CA8BCC2-42E8-4446-9F35-F8D5A76993E5}.Debug|ARM.Deploy.0 = Debug|Any CPU
		{8CA8BCC2-42E8-4446-9F35-F8D5A76993E5}.Debug|iPhone.ActiveCfg = Debug|Any CPU
		{8CA8BCC2-42E8-4446-9F35-F8D5A76993E5}.Debug|iPhone.Build.0 = Debug|Any CPU
		{8CA8BCC2-42E8-4446-9F35-F8D5A76993E5}.Debug|iPhone.Deploy.0 = Debug|Any CPU
		{8CA8BCC2-42E8-4446-9F35-F8D5A76993E5}.Debug|iPhoneSimulator.ActiveCfg = Debug|Any CPU
		{8CA8BCC2-42E8-4446-9F35-F8D5A76993E5}.Debug|iPhoneSimulator.Build.0 = Debug|Any CPU
		{8CA8BCC2-42E8-4446-9F35-F8D5A76993E5}.Debug|iPhoneSimulator.Deploy.0 = Debug|Any CPU
		{8CA8BCC2-42E8-4446-9F35-F8D5A76993E5}.Debug|x64.ActiveCfg = Debug|Any CPU
		{8CA8BCC2-42E8-4446-9F35-F8D5A76993E5}.Debug|x64.Build.0 = Debug|Any CPU
		{8CA8BCC2-42E8-4446-9F35-F8D5A76993E5}.Debug|x64.Deploy.0 = Debug|Any CPU
		{8CA8BCC2-42E8-4446-9F35-F8D5A76993E5}.Debug|x86.ActiveCfg = Debug|Any CPU
		{8CA8BCC2-42E8-4446-9F35-F8D5A76993E5}.Debug|x86.Build.0 = Debug|Any CPU
		{8CA8BCC2-42E8-4446-9F35-F8D5A76993E5}.Debug|x86.Deploy.0 = Debug|Any CPU
		{8CA8BCC2-42E8-4446-9F35-F8D5A76993E5}.Release|Any CPU.ActiveCfg = Release|Any CPU
		{8CA8BCC2-42E8-4446-9F35-F8D5A76993E5}.Release|Any CPU.Build.0 = Release|Any CPU
		{8CA8BCC2-42E8-4446-9F35-F8D5A76993E5}.Release|Any CPU.Deploy.0 = Release|Any CPU
		{8CA8BCC2-42E8-4446-9F35-F8D5A76993E5}.Release|ARM.ActiveCfg = Release|Any CPU
		{8CA8BCC2-42E8-4446-9F35-F8D5A76993E5}.Release|ARM.Build.0 = Release|Any CPU
		{8CA8BCC2-42E8-4446-9F35-F8D5A76993E5}.Release|ARM.Deploy.0 = Release|Any CPU
		{8CA8BCC2-42E8-4446-9F35-F8D5A76993E5}.Release|iPhone.ActiveCfg = Release|Any CPU
		{8CA8BCC2-42E8-4446-9F35-F8D5A76993E5}.Release|iPhone.Build.0 = Release|Any CPU
		{8CA8BCC2-42E8-4446-9F35-F8D5A76993E5}.Release|iPhone.Deploy.0 = Release|Any CPU
		{8CA8BCC2-42E8-4446-9F35-F8D5A76993E5}.Release|iPhoneSimulator.ActiveCfg = Release|Any CPU
		{8CA8BCC2-42E8-4446-9F35-F8D5A76993E5}.Release|iPhoneSimulator.Build.0 = Release|Any CPU
		{8CA8BCC2-42E8-4446-9F35-F8D5A76993E5}.Release|iPhoneSimulator.Deploy.0 = Release|Any CPU
		{8CA8BCC2-42E8-4446-9F35-F8D5A76993E5}.Release|x64.ActiveCfg = Release|Any CPU
		{8CA8BCC2-42E8-4446-9F35-F8D5A76993E5}.Release|x64.Build.0 = Release|Any CPU
		{8CA8BCC2-42E8-4446-9F35-F8D5A76993E5}.Release|x64.Deploy.0 = Release|Any CPU
		{8CA8BCC2-42E8-4446-9F35-F8D5A76993E5}.Release|x86.ActiveCfg = Release|Any CPU
		{8CA8BCC2-42E8-4446-9F35-F8D5A76993E5}.Release|x86.Build.0 = Release|Any CPU
		{8CA8BCC2-42E8-4446-9F35-F8D5A76993E5}.Release|x86.Deploy.0 = Release|Any CPU
		{841B1C85-5289-454F-81A4-AEAAC2B34D22}.Ad-Hoc|Any CPU.ActiveCfg = Ad-Hoc|iPhone
		{841B1C85-5289-454F-81A4-AEAAC2B34D22}.Ad-Hoc|Any CPU.Build.0 = Ad-Hoc|iPhone
		{841B1C85-5289-454F-81A4-AEAAC2B34D22}.Ad-Hoc|Any CPU.Deploy.0 = Ad-Hoc|iPhone
		{841B1C85-5289-454F-81A4-AEAAC2B34D22}.Ad-Hoc|ARM.ActiveCfg = Ad-Hoc|iPhone
		{841B1C85-5289-454F-81A4-AEAAC2B34D22}.Ad-Hoc|ARM.Build.0 = Ad-Hoc|iPhone
		{841B1C85-5289-454F-81A4-AEAAC2B34D22}.Ad-Hoc|ARM.Deploy.0 = Ad-Hoc|iPhone
		{841B1C85-5289-454F-81A4-AEAAC2B34D22}.Ad-Hoc|iPhone.ActiveCfg = Ad-Hoc|iPhone
		{841B1C85-5289-454F-81A4-AEAAC2B34D22}.Ad-Hoc|iPhone.Build.0 = Ad-Hoc|iPhone
		{841B1C85-5289-454F-81A4-AEAAC2B34D22}.Ad-Hoc|iPhone.Deploy.0 = Ad-Hoc|iPhone
		{841B1C85-5289-454F-81A4-AEAAC2B34D22}.Ad-Hoc|iPhoneSimulator.ActiveCfg = Ad-Hoc|iPhoneSimulator
		{841B1C85-5289-454F-81A4-AEAAC2B34D22}.Ad-Hoc|iPhoneSimulator.Build.0 = Ad-Hoc|iPhoneSimulator
		{841B1C85-5289-454F-81A4-AEAAC2B34D22}.Ad-Hoc|iPhoneSimulator.Deploy.0 = Ad-Hoc|iPhoneSimulator
		{841B1C85-5289-454F-81A4-AEAAC2B34D22}.Ad-Hoc|x64.ActiveCfg = Ad-Hoc|iPhone
		{841B1C85-5289-454F-81A4-AEAAC2B34D22}.Ad-Hoc|x64.Build.0 = Ad-Hoc|iPhone
		{841B1C85-5289-454F-81A4-AEAAC2B34D22}.Ad-Hoc|x64.Deploy.0 = Ad-Hoc|iPhone
		{841B1C85-5289-454F-81A4-AEAAC2B34D22}.Ad-Hoc|x86.ActiveCfg = Ad-Hoc|iPhone
		{841B1C85-5289-454F-81A4-AEAAC2B34D22}.Ad-Hoc|x86.Build.0 = Ad-Hoc|iPhone
		{841B1C85-5289-454F-81A4-AEAAC2B34D22}.Ad-Hoc|x86.Deploy.0 = Ad-Hoc|iPhone
		{841B1C85-5289-454F-81A4-AEAAC2B34D22}.AppStore|Any CPU.ActiveCfg = AppStore|iPhone
		{841B1C85-5289-454F-81A4-AEAAC2B34D22}.AppStore|Any CPU.Build.0 = AppStore|iPhone
		{841B1C85-5289-454F-81A4-AEAAC2B34D22}.AppStore|Any CPU.Deploy.0 = AppStore|iPhone
		{841B1C85-5289-454F-81A4-AEAAC2B34D22}.AppStore|ARM.ActiveCfg = AppStore|iPhone
		{841B1C85-5289-454F-81A4-AEAAC2B34D22}.AppStore|ARM.Build.0 = AppStore|iPhone
		{841B1C85-5289-454F-81A4-AEAAC2B34D22}.AppStore|ARM.Deploy.0 = AppStore|iPhone
		{841B1C85-5289-454F-81A4-AEAAC2B34D22}.AppStore|iPhone.ActiveCfg = AppStore|iPhone
		{841B1C85-5289-454F-81A4-AEAAC2B34D22}.AppStore|iPhone.Build.0 = AppStore|iPhone
		{841B1C85-5289-454F-81A4-AEAAC2B34D22}.AppStore|iPhone.Deploy.0 = AppStore|iPhone
		{841B1C85-5289-454F-81A4-AEAAC2B34D22}.AppStore|iPhoneSimulator.ActiveCfg = AppStore|iPhoneSimulator
		{841B1C85-5289-454F-81A4-AEAAC2B34D22}.AppStore|iPhoneSimulator.Build.0 = AppStore|iPhoneSimulator
		{841B1C85-5289-454F-81A4-AEAAC2B34D22}.AppStore|iPhoneSimulator.Deploy.0 = AppStore|iPhoneSimulator
		{841B1C85-5289-454F-81A4-AEAAC2B34D22}.AppStore|x64.ActiveCfg = AppStore|iPhone
		{841B1C85-5289-454F-81A4-AEAAC2B34D22}.AppStore|x64.Build.0 = AppStore|iPhone
		{841B1C85-5289-454F-81A4-AEAAC2B34D22}.AppStore|x64.Deploy.0 = AppStore|iPhone
		{841B1C85-5289-454F-81A4-AEAAC2B34D22}.AppStore|x86.ActiveCfg = AppStore|iPhone
		{841B1C85-5289-454F-81A4-AEAAC2B34D22}.AppStore|x86.Build.0 = AppStore|iPhone
		{841B1C85-5289-454F-81A4-AEAAC2B34D22}.AppStore|x86.Deploy.0 = AppStore|iPhone
		{841B1C85-5289-454F-81A4-AEAAC2B34D22}.Debug|Any CPU.ActiveCfg = Debug|iPhoneSimulator
		{841B1C85-5289-454F-81A4-AEAAC2B34D22}.Debug|Any CPU.Build.0 = Debug|iPhoneSimulator
		{841B1C85-5289-454F-81A4-AEAAC2B34D22}.Debug|Any CPU.Deploy.0 = Debug|iPhoneSimulator
		{841B1C85-5289-454F-81A4-AEAAC2B34D22}.Debug|ARM.ActiveCfg = Debug|iPhone
		{841B1C85-5289-454F-81A4-AEAAC2B34D22}.Debug|ARM.Build.0 = Debug|iPhone
		{841B1C85-5289-454F-81A4-AEAAC2B34D22}.Debug|ARM.Deploy.0 = Debug|iPhone
		{841B1C85-5289-454F-81A4-AEAAC2B34D22}.Debug|iPhone.ActiveCfg = Debug|iPhone
		{841B1C85-5289-454F-81A4-AEAAC2B34D22}.Debug|iPhone.Build.0 = Debug|iPhone
		{841B1C85-5289-454F-81A4-AEAAC2B34D22}.Debug|iPhone.Deploy.0 = Debug|iPhone
		{841B1C85-5289-454F-81A4-AEAAC2B34D22}.Debug|iPhoneSimulator.ActiveCfg = Debug|iPhoneSimulator
		{841B1C85-5289-454F-81A4-AEAAC2B34D22}.Debug|iPhoneSimulator.Build.0 = Debug|iPhoneSimulator
		{841B1C85-5289-454F-81A4-AEAAC2B34D22}.Debug|iPhoneSimulator.Deploy.0 = Debug|iPhoneSimulator
		{841B1C85-5289-454F-81A4-AEAAC2B34D22}.Debug|x64.ActiveCfg = Debug|iPhone
		{841B1C85-5289-454F-81A4-AEAAC2B34D22}.Debug|x64.Build.0 = Debug|iPhone
		{841B1C85-5289-454F-81A4-AEAAC2B34D22}.Debug|x64.Deploy.0 = Debug|iPhone
		{841B1C85-5289-454F-81A4-AEAAC2B34D22}.Debug|x86.ActiveCfg = Debug|iPhone
		{841B1C85-5289-454F-81A4-AEAAC2B34D22}.Debug|x86.Build.0 = Debug|iPhone
		{841B1C85-5289-454F-81A4-AEAAC2B34D22}.Debug|x86.Deploy.0 = Debug|iPhone
		{841B1C85-5289-454F-81A4-AEAAC2B34D22}.Release|Any CPU.ActiveCfg = Release|iPhone
		{841B1C85-5289-454F-81A4-AEAAC2B34D22}.Release|Any CPU.Build.0 = Release|iPhone
		{841B1C85-5289-454F-81A4-AEAAC2B34D22}.Release|Any CPU.Deploy.0 = Release|iPhone
		{841B1C85-5289-454F-81A4-AEAAC2B34D22}.Release|ARM.ActiveCfg = Release|iPhone
		{841B1C85-5289-454F-81A4-AEAAC2B34D22}.Release|ARM.Build.0 = Release|iPhone
		{841B1C85-5289-454F-81A4-AEAAC2B34D22}.Release|ARM.Deploy.0 = Release|iPhone
		{841B1C85-5289-454F-81A4-AEAAC2B34D22}.Release|iPhone.ActiveCfg = Release|iPhone
		{841B1C85-5289-454F-81A4-AEAAC2B34D22}.Release|iPhone.Build.0 = Release|iPhone
		{841B1C85-5289-454F-81A4-AEAAC2B34D22}.Release|iPhone.Deploy.0 = Release|iPhone
		{841B1C85-5289-454F-81A4-AEAAC2B34D22}.Release|iPhoneSimulator.ActiveCfg = Release|iPhoneSimulator
		{841B1C85-5289-454F-81A4-AEAAC2B34D22}.Release|iPhoneSimulator.Build.0 = Release|iPhoneSimulator
		{841B1C85-5289-454F-81A4-AEAAC2B34D22}.Release|iPhoneSimulator.Deploy.0 = Release|iPhoneSimulator
		{841B1C85-5289-454F-81A4-AEAAC2B34D22}.Release|x64.ActiveCfg = Release|iPhone
		{841B1C85-5289-454F-81A4-AEAAC2B34D22}.Release|x64.Build.0 = Release|iPhone
		{841B1C85-5289-454F-81A4-AEAAC2B34D22}.Release|x64.Deploy.0 = Release|iPhone
		{841B1C85-5289-454F-81A4-AEAAC2B34D22}.Release|x86.ActiveCfg = Release|iPhone
		{841B1C85-5289-454F-81A4-AEAAC2B34D22}.Release|x86.Build.0 = Release|iPhone
		{841B1C85-5289-454F-81A4-AEAAC2B34D22}.Release|x86.Deploy.0 = Release|iPhone
		{0C601800-8C82-4C45-B630-055D9EC45215}.Ad-Hoc|Any CPU.ActiveCfg = Release|x86
		{0C601800-8C82-4C45-B630-055D9EC45215}.Ad-Hoc|Any CPU.Build.0 = Release|x86
		{0C601800-8C82-4C45-B630-055D9EC45215}.Ad-Hoc|Any CPU.Deploy.0 = Release|x86
		{0C601800-8C82-4C45-B630-055D9EC45215}.Ad-Hoc|ARM.ActiveCfg = Release|ARM
		{0C601800-8C82-4C45-B630-055D9EC45215}.Ad-Hoc|ARM.Build.0 = Release|ARM
		{0C601800-8C82-4C45-B630-055D9EC45215}.Ad-Hoc|ARM.Deploy.0 = Release|ARM
		{0C601800-8C82-4C45-B630-055D9EC45215}.Ad-Hoc|iPhone.ActiveCfg = Release|x86
		{0C601800-8C82-4C45-B630-055D9EC45215}.Ad-Hoc|iPhone.Build.0 = Release|x86
		{0C601800-8C82-4C45-B630-055D9EC45215}.Ad-Hoc|iPhone.Deploy.0 = Release|x86
		{0C601800-8C82-4C45-B630-055D9EC45215}.Ad-Hoc|iPhoneSimulator.ActiveCfg = Release|x86
		{0C601800-8C82-4C45-B630-055D9EC45215}.Ad-Hoc|iPhoneSimulator.Build.0 = Release|x86
		{0C601800-8C82-4C45-B630-055D9EC45215}.Ad-Hoc|iPhoneSimulator.Deploy.0 = Release|x86
		{0C601800-8C82-4C45-B630-055D9EC45215}.Ad-Hoc|x64.ActiveCfg = Release|x64
		{0C601800-8C82-4C45-B630-055D9EC45215}.Ad-Hoc|x64.Build.0 = Release|x64
		{0C601800-8C82-4C45-B630-055D9EC45215}.Ad-Hoc|x64.Deploy.0 = Release|x64
		{0C601800-8C82-4C45-B630-055D9EC45215}.Ad-Hoc|x86.ActiveCfg = Release|x86
		{0C601800-8C82-4C45-B630-055D9EC45215}.Ad-Hoc|x86.Build.0 = Release|x86
		{0C601800-8C82-4C45-B630-055D9EC45215}.Ad-Hoc|x86.Deploy.0 = Release|x86
		{0C601800-8C82-4C45-B630-055D9EC45215}.AppStore|Any CPU.ActiveCfg = Release|x86
		{0C601800-8C82-4C45-B630-055D9EC45215}.AppStore|Any CPU.Build.0 = Release|x86
		{0C601800-8C82-4C45-B630-055D9EC45215}.AppStore|Any CPU.Deploy.0 = Release|x86
		{0C601800-8C82-4C45-B630-055D9EC45215}.AppStore|ARM.ActiveCfg = Release|ARM
		{0C601800-8C82-4C45-B630-055D9EC45215}.AppStore|ARM.Build.0 = Release|ARM
		{0C601800-8C82-4C45-B630-055D9EC45215}.AppStore|ARM.Deploy.0 = Release|ARM
		{0C601800-8C82-4C45-B630-055D9EC45215}.AppStore|iPhone.ActiveCfg = Release|x86
		{0C601800-8C82-4C45-B630-055D9EC45215}.AppStore|iPhone.Build.0 = Release|x86
		{0C601800-8C82-4C45-B630-055D9EC45215}.AppStore|iPhone.Deploy.0 = Release|x86
		{0C601800-8C82-4C45-B630-055D9EC45215}.AppStore|iPhoneSimulator.ActiveCfg = Release|x86
		{0C601800-8C82-4C45-B630-055D9EC45215}.AppStore|iPhoneSimulator.Build.0 = Release|x86
		{0C601800-8C82-4C45-B630-055D9EC45215}.AppStore|iPhoneSimulator.Deploy.0 = Release|x86
		{0C601800-8C82-4C45-B630-055D9EC45215}.AppStore|x64.ActiveCfg = Release|x64
		{0C601800-8C82-4C45-B630-055D9EC45215}.AppStore|x64.Build.0 = Release|x64
		{0C601800-8C82-4C45-B630-055D9EC45215}.AppStore|x64.Deploy.0 = Release|x64
		{0C601800-8C82-4C45-B630-055D9EC45215}.AppStore|x86.ActiveCfg = Release|x86
		{0C601800-8C82-4C45-B630-055D9EC45215}.AppStore|x86.Build.0 = Release|x86
		{0C601800-8C82-4C45-B630-055D9EC45215}.AppStore|x86.Deploy.0 = Release|x86
		{0C601800-8C82-4C45-B630-055D9EC45215}.Debug|Any CPU.ActiveCfg = Debug|x86
		{0C601800-8C82-4C45-B630-055D9EC45215}.Debug|Any CPU.Build.0 = Debug|x86
		{0C601800-8C82-4C45-B630-055D9EC45215}.Debug|Any CPU.Deploy.0 = Debug|x86
		{0C601800-8C82-4C45-B630-055D9EC45215}.Debug|ARM.ActiveCfg = Debug|ARM
		{0C601800-8C82-4C45-B630-055D9EC45215}.Debug|ARM.Build.0 = Debug|ARM
		{0C601800-8C82-4C45-B630-055D9EC45215}.Debug|ARM.Deploy.0 = Debug|ARM
		{0C601800-8C82-4C45-B630-055D9EC45215}.Debug|iPhone.ActiveCfg = Debug|x86
		{0C601800-8C82-4C45-B630-055D9EC45215}.Debug|iPhone.Build.0 = Debug|x86
		{0C601800-8C82-4C45-B630-055D9EC45215}.Debug|iPhone.Deploy.0 = Debug|x86
		{0C601800-8C82-4C45-B630-055D9EC45215}.Debug|iPhoneSimulator.ActiveCfg = Debug|x86
		{0C601800-8C82-4C45-B630-055D9EC45215}.Debug|iPhoneSimulator.Build.0 = Debug|x86
		{0C601800-8C82-4C45-B630-055D9EC45215}.Debug|iPhoneSimulator.Deploy.0 = Debug|x86
		{0C601800-8C82-4C45-B630-055D9EC45215}.Debug|x64.ActiveCfg = Debug|x64
		{0C601800-8C82-4C45-B630-055D9EC45215}.Debug|x64.Build.0 = Debug|x64
		{0C601800-8C82-4C45-B630-055D9EC45215}.Debug|x64.Deploy.0 = Debug|x64
		{0C601800-8C82-4C45-B630-055D9EC45215}.Debug|x86.ActiveCfg = Debug|x86
		{0C601800-8C82-4C45-B630-055D9EC45215}.Debug|x86.Build.0 = Debug|x86
		{0C601800-8C82-4C45-B630-055D9EC45215}.Debug|x86.Deploy.0 = Debug|x86
		{0C601800-8C82-4C45-B630-055D9EC45215}.Release|Any CPU.ActiveCfg = Release|x86
		{0C601800-8C82-4C45-B630-055D9EC45215}.Release|Any CPU.Build.0 = Release|x86
		{0C601800-8C82-4C45-B630-055D9EC45215}.Release|Any CPU.Deploy.0 = Release|x86
		{0C601800-8C82-4C45-B630-055D9EC45215}.Release|ARM.ActiveCfg = Release|ARM
		{0C601800-8C82-4C45-B630-055D9EC45215}.Release|ARM.Build.0 = Release|ARM
		{0C601800-8C82-4C45-B630-055D9EC45215}.Release|ARM.Deploy.0 = Release|ARM
		{0C601800-8C82-4C45-B630-055D9EC45215}.Release|iPhone.ActiveCfg = Release|x86
		{0C601800-8C82-4C45-B630-055D9EC45215}.Release|iPhone.Build.0 = Release|x86
		{0C601800-8C82-4C45-B630-055D9EC45215}.Release|iPhone.Deploy.0 = Release|x86
		{0C601800-8C82-4C45-B630-055D9EC45215}.Release|iPhoneSimulator.ActiveCfg = Release|x86
		{0C601800-8C82-4C45-B630-055D9EC45215}.Release|iPhoneSimulator.Build.0 = Release|x86
		{0C601800-8C82-4C45-B630-055D9EC45215}.Release|iPhoneSimulator.Deploy.0 = Release|x86
		{0C601800-8C82-4C45-B630-055D9EC45215}.Release|x64.ActiveCfg = Release|x64
		{0C601800-8C82-4C45-B630-055D9EC45215}.Release|x64.Build.0 = Release|x64
		{0C601800-8C82-4C45-B630-055D9EC45215}.Release|x64.Deploy.0 = Release|x64
		{0C601800-8C82-4C45-B630-055D9EC45215}.Release|x86.ActiveCfg = Release|x86
		{0C601800-8C82-4C45-B630-055D9EC45215}.Release|x86.Build.0 = Release|x86
		{0C601800-8C82-4C45-B630-055D9EC45215}.Release|x86.Deploy.0 = Release|x86
		{21A9B395-775D-4694-808D-61B7325245FA}.Ad-Hoc|Any CPU.ActiveCfg = Debug|Any CPU
		{21A9B395-775D-4694-808D-61B7325245FA}.Ad-Hoc|Any CPU.Build.0 = Debug|Any CPU
		{21A9B395-775D-4694-808D-61B7325245FA}.Ad-Hoc|Any CPU.Deploy.0 = Debug|Any CPU
		{21A9B395-775D-4694-808D-61B7325245FA}.Ad-Hoc|ARM.ActiveCfg = Debug|Any CPU
		{21A9B395-775D-4694-808D-61B7325245FA}.Ad-Hoc|ARM.Build.0 = Debug|Any CPU
		{21A9B395-775D-4694-808D-61B7325245FA}.Ad-Hoc|ARM.Deploy.0 = Debug|Any CPU
		{21A9B395-775D-4694-808D-61B7325245FA}.Ad-Hoc|iPhone.ActiveCfg = Debug|Any CPU
		{21A9B395-775D-4694-808D-61B7325245FA}.Ad-Hoc|iPhone.Build.0 = Debug|Any CPU
		{21A9B395-775D-4694-808D-61B7325245FA}.Ad-Hoc|iPhone.Deploy.0 = Debug|Any CPU
		{21A9B395-775D-4694-808D-61B7325245FA}.Ad-Hoc|iPhoneSimulator.ActiveCfg = Debug|Any CPU
		{21A9B395-775D-4694-808D-61B7325245FA}.Ad-Hoc|iPhoneSimulator.Build.0 = Debug|Any CPU
		{21A9B395-775D-4694-808D-61B7325245FA}.Ad-Hoc|iPhoneSimulator.Deploy.0 = Debug|Any CPU
		{21A9B395-775D-4694-808D-61B7325245FA}.Ad-Hoc|x64.ActiveCfg = Debug|Any CPU
		{21A9B395-775D-4694-808D-61B7325245FA}.Ad-Hoc|x64.Build.0 = Debug|Any CPU
		{21A9B395-775D-4694-808D-61B7325245FA}.Ad-Hoc|x64.Deploy.0 = Debug|Any CPU
		{21A9B395-775D-4694-808D-61B7325245FA}.Ad-Hoc|x86.ActiveCfg = Debug|Any CPU
		{21A9B395-775D-4694-808D-61B7325245FA}.Ad-Hoc|x86.Build.0 = Debug|Any CPU
		{21A9B395-775D-4694-808D-61B7325245FA}.Ad-Hoc|x86.Deploy.0 = Debug|Any CPU
		{21A9B395-775D-4694-808D-61B7325245FA}.AppStore|Any CPU.ActiveCfg = Debug|Any CPU
		{21A9B395-775D-4694-808D-61B7325245FA}.AppStore|Any CPU.Build.0 = Debug|Any CPU
		{21A9B395-775D-4694-808D-61B7325245FA}.AppStore|Any CPU.Deploy.0 = Debug|Any CPU
		{21A9B395-775D-4694-808D-61B7325245FA}.AppStore|ARM.ActiveCfg = Debug|Any CPU
		{21A9B395-775D-4694-808D-61B7325245FA}.AppStore|ARM.Build.0 = Debug|Any CPU
		{21A9B395-775D-4694-808D-61B7325245FA}.AppStore|ARM.Deploy.0 = Debug|Any CPU
		{21A9B395-775D-4694-808D-61B7325245FA}.AppStore|iPhone.ActiveCfg = Debug|Any CPU
		{21A9B395-775D-4694-808D-61B7325245FA}.AppStore|iPhone.Build.0 = Debug|Any CPU
		{21A9B395-775D-4694-808D-61B7325245FA}.AppStore|iPhone.Deploy.0 = Debug|Any CPU
		{21A9B395-775D-4694-808D-61B7325245FA}.AppStore|iPhoneSimulator.ActiveCfg = Debug|Any CPU
		{21A9B395-775D-4694-808D-61B7325245FA}.AppStore|iPhoneSimulator.Build.0 = Debug|Any CPU
		{21A9B395-775D-4694-808D-61B7325245FA}.AppStore|iPhoneSimulator.Deploy.0 = Debug|Any CPU
		{21A9B395-775D-4694-808D-61B7325245FA}.AppStore|x64.ActiveCfg = Debug|Any CPU
		{21A9B395-775D-4694-808D-61B7325245FA}.AppStore|x64.Build.0 = Debug|Any CPU
		{21A9B395-775D-4694-808D-61B7325245FA}.AppStore|x64.Deploy.0 = Debug|Any CPU
		{21A9B395-775D-4694-808D-61B7325245FA}.AppStore|x86.ActiveCfg = Debug|Any CPU
		{21A9B395-775D-4694-808D-61B7325245FA}.AppStore|x86.Build.0 = Debug|Any CPU
		{21A9B395-775D-4694-808D-61B7325245FA}.AppStore|x86.Deploy.0 = Debug|Any CPU
		{21A9B395-775D-4694-808D-61B7325245FA}.Debug|Any CPU.ActiveCfg = Debug|Any CPU
		{21A9B395-775D-4694-808D-61B7325245FA}.Debug|Any CPU.Build.0 = Debug|Any CPU
		{21A9B395-775D-4694-808D-61B7325245FA}.Debug|Any CPU.Deploy.0 = Debug|Any CPU
		{21A9B395-775D-4694-808D-61B7325245FA}.Debug|ARM.ActiveCfg = Debug|Any CPU
		{21A9B395-775D-4694-808D-61B7325245FA}.Debug|ARM.Build.0 = Debug|Any CPU
		{21A9B395-775D-4694-808D-61B7325245FA}.Debug|ARM.Deploy.0 = Debug|Any CPU
		{21A9B395-775D-4694-808D-61B7325245FA}.Debug|iPhone.ActiveCfg = Debug|Any CPU
		{21A9B395-775D-4694-808D-61B7325245FA}.Debug|iPhone.Build.0 = Debug|Any CPU
		{21A9B395-775D-4694-808D-61B7325245FA}.Debug|iPhone.Deploy.0 = Debug|Any CPU
		{21A9B395-775D-4694-808D-61B7325245FA}.Debug|iPhoneSimulator.ActiveCfg = Debug|Any CPU
		{21A9B395-775D-4694-808D-61B7325245FA}.Debug|iPhoneSimulator.Build.0 = Debug|Any CPU
		{21A9B395-775D-4694-808D-61B7325245FA}.Debug|iPhoneSimulator.Deploy.0 = Debug|Any CPU
		{21A9B395-775D-4694-808D-61B7325245FA}.Debug|x64.ActiveCfg = Debug|Any CPU
		{21A9B395-775D-4694-808D-61B7325245FA}.Debug|x64.Build.0 = Debug|Any CPU
		{21A9B395-775D-4694-808D-61B7325245FA}.Debug|x64.Deploy.0 = Debug|Any CPU
		{21A9B395-775D-4694-808D-61B7325245FA}.Debug|x86.ActiveCfg = Debug|Any CPU
		{21A9B395-775D-4694-808D-61B7325245FA}.Debug|x86.Build.0 = Debug|Any CPU
		{21A9B395-775D-4694-808D-61B7325245FA}.Debug|x86.Deploy.0 = Debug|Any CPU
		{21A9B395-775D-4694-808D-61B7325245FA}.Release|Any CPU.ActiveCfg = Release|Any CPU
		{21A9B395-775D-4694-808D-61B7325245FA}.Release|Any CPU.Build.0 = Release|Any CPU
		{21A9B395-775D-4694-808D-61B7325245FA}.Release|Any CPU.Deploy.0 = Release|Any CPU
		{21A9B395-775D-4694-808D-61B7325245FA}.Release|ARM.ActiveCfg = Release|Any CPU
		{21A9B395-775D-4694-808D-61B7325245FA}.Release|ARM.Build.0 = Release|Any CPU
		{21A9B395-775D-4694-808D-61B7325245FA}.Release|ARM.Deploy.0 = Release|Any CPU
		{21A9B395-775D-4694-808D-61B7325245FA}.Release|iPhone.ActiveCfg = Release|Any CPU
		{21A9B395-775D-4694-808D-61B7325245FA}.Release|iPhone.Build.0 = Release|Any CPU
		{21A9B395-775D-4694-808D-61B7325245FA}.Release|iPhone.Deploy.0 = Release|Any CPU
		{21A9B395-775D-4694-808D-61B7325245FA}.Release|iPhoneSimulator.ActiveCfg = Release|Any CPU
		{21A9B395-775D-4694-808D-61B7325245FA}.Release|iPhoneSimulator.Build.0 = Release|Any CPU
		{21A9B395-775D-4694-808D-61B7325245FA}.Release|iPhoneSimulator.Deploy.0 = Release|Any CPU
		{21A9B395-775D-4694-808D-61B7325245FA}.Release|x64.ActiveCfg = Release|Any CPU
		{21A9B395-775D-4694-808D-61B7325245FA}.Release|x64.Build.0 = Release|Any CPU
		{21A9B395-775D-4694-808D-61B7325245FA}.Release|x64.Deploy.0 = Release|Any CPU
		{21A9B395-775D-4694-808D-61B7325245FA}.Release|x86.ActiveCfg = Release|Any CPU
		{21A9B395-775D-4694-808D-61B7325245FA}.Release|x86.Build.0 = Release|Any CPU
		{21A9B395-775D-4694-808D-61B7325245FA}.Release|x86.Deploy.0 = Release|Any CPU
	EndGlobalSection
	GlobalSection(SolutionProperties) = preSolution
		HideSolutionNode = FALSE
	EndGlobalSection
	GlobalSection(ExtensibilityGlobals) = postSolution
		SolutionGuid = {F3B5EC6E-6C33-4F76-B565-4B972E9E1D98}
	EndGlobalSection
EndGlobal
